// !$*UTF8*$!
{
	archiveVersion = 1;
	classes = {
	};
	objectVersion = 46;
	objects = {

/* Begin PBXBuildFile section */
		740635BB13F5DF76009A1B9C /* CameraCapturer.m in Sources */ = {isa = PBXBuildFile; fileRef = 740635BA13F5DF76009A1B9C /* CameraCapturer.m */; };
		740635BF13F5DFCE009A1B9C /* AVFoundation.framework in Frameworks */ = {isa = PBXBuildFile; fileRef = 740635BE13F5DFCE009A1B9C /* AVFoundation.framework */; };
		740635C113F5DFCE009A1B9C /* CoreMedia.framework in Frameworks */ = {isa = PBXBuildFile; fileRef = 740635C013F5DFCE009A1B9C /* CoreMedia.framework */; };
		740635C313F5DFCE009A1B9C /* CoreVideo.framework in Frameworks */ = {isa = PBXBuildFile; fileRef = 740635C213F5DFCE009A1B9C /* CoreVideo.framework */; };
		740635C513F5DFCE009A1B9C /* QuartzCore.framework in Frameworks */ = {isa = PBXBuildFile; fileRef = 740635C413F5DFCE009A1B9C /* QuartzCore.framework */; };
		740636BD13F5F39E009A1B9C /* ImageUtils.m in Sources */ = {isa = PBXBuildFile; fileRef = 740636BC13F5F39E009A1B9C /* ImageUtils.m */; };
		740636C213F5F3AF009A1B9C /* LLOrientationVector.m in Sources */ = {isa = PBXBuildFile; fileRef = 740636BF13F5F3AF009A1B9C /* LLOrientationVector.m */; };
		740636C313F5F3AF009A1B9C /* LLOrientationDetector.m in Sources */ = {isa = PBXBuildFile; fileRef = 740636C113F5F3AF009A1B9C /* LLOrientationDetector.m */; };
		7406372213F60111009A1B9C /* AudioOutputUnit.mm in Sources */ = {isa = PBXBuildFile; fileRef = 7406372013F60111009A1B9C /* AudioOutputUnit.mm */; };
		7406372913F60134009A1B9C /* AudioToolbox.framework in Frameworks */ = {isa = PBXBuildFile; fileRef = 7406372813F60134009A1B9C /* AudioToolbox.framework */; };
		7406376513F601B3009A1B9C /* AudioManager.mm in Sources */ = {isa = PBXBuildFile; fileRef = 7406376413F601B3009A1B9C /* AudioManager.mm */; };
		7406376F13F6028C009A1B9C /* Accelerate.framework in Frameworks */ = {isa = PBXBuildFile; fileRef = 7406376E13F6028C009A1B9C /* Accelerate.framework */; };
		7406377113F6028C009A1B9C /* CoreAudio.framework in Frameworks */ = {isa = PBXBuildFile; fileRef = 7406377013F6028C009A1B9C /* CoreAudio.framework */; };
		740638AE13F6EB95009A1B9C /* pkmFFT.mm in Sources */ = {isa = PBXBuildFile; fileRef = 740638AC13F6EB95009A1B9C /* pkmFFT.mm */; };
		740639BF13F7274F009A1B9C /* AudioOscillator.m in Sources */ = {isa = PBXBuildFile; fileRef = 740639BE13F7274F009A1B9C /* AudioOscillator.m */; };
		8605D9A31290E9110036287D /* ntpAViewController.m in Sources */ = {isa = PBXBuildFile; fileRef = 8605D9A21290E9110036287D /* ntpAViewController.m */; };
		8605D9BA1290E9600036287D /* ntpAViewController.xib in Resources */ = {isa = PBXBuildFile; fileRef = 8605D9B81290E9600036287D /* ntpAViewController.xib */; };
		86618F2A126BB6430046A2B8 /* NetworkClock.m in Sources */ = {isa = PBXBuildFile; fileRef = 86618F29126BB6430046A2B8 /* NetworkClock.m */; };
		86619013126C07300046A2B8 /* ntp.hosts in Resources */ = {isa = PBXBuildFile; fileRef = 86619012126C07300046A2B8 /* ntp.hosts */; };
		8661906F126C0CD70046A2B8 /* UIKit.framework in Frameworks */ = {isa = PBXBuildFile; fileRef = 8661906E126C0CD70046A2B8 /* UIKit.framework */; };
		8661907B126C0CEC0046A2B8 /* Foundation.framework in Frameworks */ = {isa = PBXBuildFile; fileRef = 8661907A126C0CEC0046A2B8 /* Foundation.framework */; };
		86619082126C0CFD0046A2B8 /* CoreGraphics.framework in Frameworks */ = {isa = PBXBuildFile; fileRef = 86619081126C0CFD0046A2B8 /* CoreGraphics.framework */; };
		86619086126C0D120046A2B8 /* CFNetwork.framework in Frameworks */ = {isa = PBXBuildFile; fileRef = 86619085126C0D120046A2B8 /* CFNetwork.framework */; };
		86C39F1A126A1FA100A9DCD1 /* InfoPlist.strings in Resources */ = {isa = PBXBuildFile; fileRef = 86C39F18126A1FA100A9DCD1 /* InfoPlist.strings */; };
		86C39F1C126A1FA100A9DCD1 /* main.m in Sources */ = {isa = PBXBuildFile; fileRef = 86C39F1B126A1FA100A9DCD1 /* main.m */; };
		86C39F1F126A1FA100A9DCD1 /* ntpAAppDelegate.m in Sources */ = {isa = PBXBuildFile; fileRef = 86C39F1E126A1FA100A9DCD1 /* ntpAAppDelegate.m */; };
		86C39F22126A1FA100A9DCD1 /* MainWindow.xib in Resources */ = {isa = PBXBuildFile; fileRef = 86C39F20126A1FA100A9DCD1 /* MainWindow.xib */; };
		86E4C97B128242B800841647 /* NetAssociation.m in Sources */ = {isa = PBXBuildFile; fileRef = 86E4C97A128242B800841647 /* NetAssociation.m */; };
		961F97FD13F6AF96003B3C71 /* test_photo.JPG in Resources */ = {isa = PBXBuildFile; fileRef = 961F97FC13F6AF96003B3C71 /* test_photo.JPG */; };
		9676CFCD13F5FD5D00A8AA52 /* ASIAuthenticationDialog.m in Sources */ = {isa = PBXBuildFile; fileRef = 9676CF6413F5FD5D00A8AA52 /* ASIAuthenticationDialog.m */; };
		9676CFCE13F5FD5D00A8AA52 /* ASIDownloadCache.m in Sources */ = {isa = PBXBuildFile; fileRef = 9676CF6713F5FD5D00A8AA52 /* ASIDownloadCache.m */; };
		9676CFCF13F5FD5D00A8AA52 /* ASIFormDataRequest.m in Sources */ = {isa = PBXBuildFile; fileRef = 9676CF6913F5FD5D00A8AA52 /* ASIFormDataRequest.m */; };
		9676CFD013F5FD5D00A8AA52 /* ASIHTTPRequest.m in Sources */ = {isa = PBXBuildFile; fileRef = 9676CF6B13F5FD5D00A8AA52 /* ASIHTTPRequest.m */; };
		9676CFD113F5FD5D00A8AA52 /* ASIInputStream.m in Sources */ = {isa = PBXBuildFile; fileRef = 9676CF6F13F5FD5D00A8AA52 /* ASIInputStream.m */; };
		9676CFD213F5FD5D00A8AA52 /* ASINetworkQueue.m in Sources */ = {isa = PBXBuildFile; fileRef = 9676CF7113F5FD5D00A8AA52 /* ASINetworkQueue.m */; };
		9676CFD313F5FD5E00A8AA52 /* ASICloudFilesCDNRequest.m in Sources */ = {isa = PBXBuildFile; fileRef = 9676CF7513F5FD5D00A8AA52 /* ASICloudFilesCDNRequest.m */; };
		9676CFD413F5FD5E00A8AA52 /* ASICloudFilesContainer.m in Sources */ = {isa = PBXBuildFile; fileRef = 9676CF7713F5FD5D00A8AA52 /* ASICloudFilesContainer.m */; };
		9676CFD513F5FD5E00A8AA52 /* ASICloudFilesContainerRequest.m in Sources */ = {isa = PBXBuildFile; fileRef = 9676CF7913F5FD5D00A8AA52 /* ASICloudFilesContainerRequest.m */; };
		9676CFD613F5FD5E00A8AA52 /* ASICloudFilesContainerXMLParserDelegate.m in Sources */ = {isa = PBXBuildFile; fileRef = 9676CF7B13F5FD5D00A8AA52 /* ASICloudFilesContainerXMLParserDelegate.m */; };
		9676CFD713F5FD5E00A8AA52 /* ASICloudFilesObject.m in Sources */ = {isa = PBXBuildFile; fileRef = 9676CF7D13F5FD5D00A8AA52 /* ASICloudFilesObject.m */; };
		9676CFD813F5FD5E00A8AA52 /* ASICloudFilesObjectRequest.m in Sources */ = {isa = PBXBuildFile; fileRef = 9676CF7F13F5FD5D00A8AA52 /* ASICloudFilesObjectRequest.m */; };
		9676CFD913F5FD5E00A8AA52 /* ASICloudFilesRequest.m in Sources */ = {isa = PBXBuildFile; fileRef = 9676CF8113F5FD5D00A8AA52 /* ASICloudFilesRequest.m */; };
		9676CFDA13F5FD5E00A8AA52 /* ASIS3Bucket.m in Sources */ = {isa = PBXBuildFile; fileRef = 9676CF8513F5FD5D00A8AA52 /* ASIS3Bucket.m */; };
		9676CFDB13F5FD5E00A8AA52 /* ASIS3BucketObject.m in Sources */ = {isa = PBXBuildFile; fileRef = 9676CF8713F5FD5D00A8AA52 /* ASIS3BucketObject.m */; };
		9676CFDC13F5FD5E00A8AA52 /* ASIS3BucketRequest.m in Sources */ = {isa = PBXBuildFile; fileRef = 9676CF8913F5FD5D00A8AA52 /* ASIS3BucketRequest.m */; };
		9676CFDD13F5FD5E00A8AA52 /* ASIS3ObjectRequest.m in Sources */ = {isa = PBXBuildFile; fileRef = 9676CF8B13F5FD5D00A8AA52 /* ASIS3ObjectRequest.m */; };
		9676CFDE13F5FD5E00A8AA52 /* ASIS3Request.m in Sources */ = {isa = PBXBuildFile; fileRef = 9676CF8D13F5FD5D00A8AA52 /* ASIS3Request.m */; };
		9676CFDF13F5FD5E00A8AA52 /* ASIS3ServiceRequest.m in Sources */ = {isa = PBXBuildFile; fileRef = 9676CF8F13F5FD5D00A8AA52 /* ASIS3ServiceRequest.m */; };
		9676CFE013F5FD5E00A8AA52 /* ASIOAuthHeaderProvider.m in Sources */ = {isa = PBXBuildFile; fileRef = 9676CF9213F5FD5D00A8AA52 /* ASIOAuthHeaderProvider.m */; };
		9676CFE113F5FD5E00A8AA52 /* NSDataAdditions.m in Sources */ = {isa = PBXBuildFile; fileRef = 9676CF9613F5FD5D00A8AA52 /* NSDataAdditions.m */; };
		9676CFE213F5FD5E00A8AA52 /* NSStringAdditions.m in Sources */ = {isa = PBXBuildFile; fileRef = 9676CF9813F5FD5D00A8AA52 /* NSStringAdditions.m */; };
		9676CFE313F5FD5E00A8AA52 /* ASIHTTPRequest+Parameters.m in Sources */ = {isa = PBXBuildFile; fileRef = 9676CF9C13F5FD5D00A8AA52 /* ASIHTTPRequest+Parameters.m */; };
		9676CFE413F5FD5E00A8AA52 /* NSMutableURLRequest+Parameters.m in Sources */ = {isa = PBXBuildFile; fileRef = 9676CF9E13F5FD5D00A8AA52 /* NSMutableURLRequest+Parameters.m */; };
		9676CFE513F5FD5E00A8AA52 /* NSString+URLEncoding.m in Sources */ = {isa = PBXBuildFile; fileRef = 9676CFA013F5FD5D00A8AA52 /* NSString+URLEncoding.m */; };
		9676CFE613F5FD5E00A8AA52 /* NSURL+Base.m in Sources */ = {isa = PBXBuildFile; fileRef = 9676CFA213F5FD5D00A8AA52 /* NSURL+Base.m */; };
		9676CFE713F5FD5E00A8AA52 /* Base64Transcoder.c in Sources */ = {isa = PBXBuildFile; fileRef = 9676CFA413F5FD5D00A8AA52 /* Base64Transcoder.c */; };
		9676CFE813F5FD5E00A8AA52 /* hmac.c in Sources */ = {isa = PBXBuildFile; fileRef = 9676CFA613F5FD5D00A8AA52 /* hmac.c */; };
		9676CFE913F5FD5E00A8AA52 /* sha1.c in Sources */ = {isa = PBXBuildFile; fileRef = 9676CFA813F5FD5D00A8AA52 /* sha1.c */; };
		9676CFEA13F5FD5E00A8AA52 /* OACall.m in Sources */ = {isa = PBXBuildFile; fileRef = 9676CFAB13F5FD5D00A8AA52 /* OACall.m */; };
		9676CFEB13F5FD5E00A8AA52 /* OAConsumer.m in Sources */ = {isa = PBXBuildFile; fileRef = 9676CFAD13F5FD5D00A8AA52 /* OAConsumer.m */; };
		9676CFEC13F5FD5E00A8AA52 /* OADataFetcher.m in Sources */ = {isa = PBXBuildFile; fileRef = 9676CFAF13F5FD5D00A8AA52 /* OADataFetcher.m */; };
		9676CFED13F5FD5E00A8AA52 /* OAHMAC_SHA1SignatureProvider.m in Sources */ = {isa = PBXBuildFile; fileRef = 9676CFB113F5FD5D00A8AA52 /* OAHMAC_SHA1SignatureProvider.m */; };
		9676CFEE13F5FD5E00A8AA52 /* OAMutableURLRequest.m in Sources */ = {isa = PBXBuildFile; fileRef = 9676CFB313F5FD5D00A8AA52 /* OAMutableURLRequest.m */; };
		9676CFEF13F5FD5E00A8AA52 /* OAPlaintextSignatureProvider.m in Sources */ = {isa = PBXBuildFile; fileRef = 9676CFB513F5FD5D00A8AA52 /* OAPlaintextSignatureProvider.m */; };
		9676CFF013F5FD5E00A8AA52 /* OAProblem.m in Sources */ = {isa = PBXBuildFile; fileRef = 9676CFB713F5FD5D00A8AA52 /* OAProblem.m */; };
		9676CFF113F5FD5E00A8AA52 /* OARequestParameter.m in Sources */ = {isa = PBXBuildFile; fileRef = 9676CFB913F5FD5D00A8AA52 /* OARequestParameter.m */; };
		9676CFF213F5FD5E00A8AA52 /* OAServiceTicket.m in Sources */ = {isa = PBXBuildFile; fileRef = 9676CFBB13F5FD5D00A8AA52 /* OAServiceTicket.m */; };
		9676CFF313F5FD5E00A8AA52 /* OATestServer.rb in Resources */ = {isa = PBXBuildFile; fileRef = 9676CFBD13F5FD5D00A8AA52 /* OATestServer.rb */; };
		9676CFF413F5FD5E00A8AA52 /* OAToken.m in Sources */ = {isa = PBXBuildFile; fileRef = 9676CFBF13F5FD5D00A8AA52 /* OAToken.m */; };
		9676CFF513F5FD5E00A8AA52 /* OATokenManager.m in Sources */ = {isa = PBXBuildFile; fileRef = 9676CFC113F5FD5D00A8AA52 /* OATokenManager.m */; };
		9676CFF613F5FD5E00A8AA52 /* README in Resources */ = {isa = PBXBuildFile; fileRef = 9676CFC313F5FD5D00A8AA52 /* README */; };
		9676CFF713F5FD5E00A8AA52 /* PictureTimeServer.m in Sources */ = {isa = PBXBuildFile; fileRef = 9676CFC513F5FD5D00A8AA52 /* PictureTimeServer.m */; };
		9676CFF813F5FD5E00A8AA52 /* Reachability.m in Sources */ = {isa = PBXBuildFile; fileRef = 9676CFC813F5FD5D00A8AA52 /* Reachability.m */; };
		9676CFF913F5FD5E00A8AA52 /* RequestObject.m in Sources */ = {isa = PBXBuildFile; fileRef = 9676CFCA13F5FD5D00A8AA52 /* RequestObject.m */; };
		9676CFFA13F5FD5E00A8AA52 /* UploadTumblr.m in Sources */ = {isa = PBXBuildFile; fileRef = 9676CFCC13F5FD5D00A8AA52 /* UploadTumblr.m */; };
		96B6160113F5EB6100EB5690 /* libz.dylib in Frameworks */ = {isa = PBXBuildFile; fileRef = 96B6160013F5EB6100EB5690 /* libz.dylib */; };
		96B6160313F5EB7A00EB5690 /* SystemConfiguration.framework in Frameworks */ = {isa = PBXBuildFile; fileRef = 96B6160213F5EB7A00EB5690 /* SystemConfiguration.framework */; };
		96B6160613F5EBA700EB5690 /* MobileCoreServices.framework in Frameworks */ = {isa = PBXBuildFile; fileRef = 96B6160413F5EBA700EB5690 /* MobileCoreServices.framework */; };
		96D0150013F5C66F00BFF857 /* AsyncUdpSocket.m in Sources */ = {isa = PBXBuildFile; fileRef = 96D014FE13F5C66F00BFF857 /* AsyncUdpSocket.m */; };
/* End PBXBuildFile section */

/* Begin PBXFileReference section */
		740635B913F5DF76009A1B9C /* CameraCapturer.h */ = {isa = PBXFileReference; fileEncoding = 4; lastKnownFileType = sourcecode.c.h; path = CameraCapturer.h; sourceTree = "<group>"; };
		740635BA13F5DF76009A1B9C /* CameraCapturer.m */ = {isa = PBXFileReference; fileEncoding = 4; lastKnownFileType = sourcecode.c.objc; path = CameraCapturer.m; sourceTree = "<group>"; };
		740635BE13F5DFCE009A1B9C /* AVFoundation.framework */ = {isa = PBXFileReference; lastKnownFileType = wrapper.framework; name = AVFoundation.framework; path = System/Library/Frameworks/AVFoundation.framework; sourceTree = SDKROOT; };
		740635C013F5DFCE009A1B9C /* CoreMedia.framework */ = {isa = PBXFileReference; lastKnownFileType = wrapper.framework; name = CoreMedia.framework; path = System/Library/Frameworks/CoreMedia.framework; sourceTree = SDKROOT; };
		740635C213F5DFCE009A1B9C /* CoreVideo.framework */ = {isa = PBXFileReference; lastKnownFileType = wrapper.framework; name = CoreVideo.framework; path = System/Library/Frameworks/CoreVideo.framework; sourceTree = SDKROOT; };
		740635C413F5DFCE009A1B9C /* QuartzCore.framework */ = {isa = PBXFileReference; lastKnownFileType = wrapper.framework; name = QuartzCore.framework; path = System/Library/Frameworks/QuartzCore.framework; sourceTree = SDKROOT; };
		740636BB13F5F39E009A1B9C /* ImageUtils.h */ = {isa = PBXFileReference; fileEncoding = 4; lastKnownFileType = sourcecode.c.h; path = ImageUtils.h; sourceTree = "<group>"; };
		740636BC13F5F39E009A1B9C /* ImageUtils.m */ = {isa = PBXFileReference; fileEncoding = 4; lastKnownFileType = sourcecode.c.objc; path = ImageUtils.m; sourceTree = "<group>"; };
		740636BE13F5F3AF009A1B9C /* LLOrientationVector.h */ = {isa = PBXFileReference; fileEncoding = 4; lastKnownFileType = sourcecode.c.h; path = LLOrientationVector.h; sourceTree = "<group>"; };
		740636BF13F5F3AF009A1B9C /* LLOrientationVector.m */ = {isa = PBXFileReference; fileEncoding = 4; lastKnownFileType = sourcecode.c.objc; path = LLOrientationVector.m; sourceTree = "<group>"; };
		740636C013F5F3AF009A1B9C /* LLOrientationDetector.h */ = {isa = PBXFileReference; fileEncoding = 4; lastKnownFileType = sourcecode.c.h; path = LLOrientationDetector.h; sourceTree = "<group>"; };
		740636C113F5F3AF009A1B9C /* LLOrientationDetector.m */ = {isa = PBXFileReference; fileEncoding = 4; lastKnownFileType = sourcecode.c.objc; path = LLOrientationDetector.m; sourceTree = "<group>"; };
		7406371F13F60111009A1B9C /* DebuggingMacros.h */ = {isa = PBXFileReference; fileEncoding = 4; lastKnownFileType = sourcecode.c.h; path = DebuggingMacros.h; sourceTree = "<group>"; };
		7406372013F60111009A1B9C /* AudioOutputUnit.mm */ = {isa = PBXFileReference; fileEncoding = 4; lastKnownFileType = sourcecode.cpp.objcpp; path = AudioOutputUnit.mm; sourceTree = "<group>"; };
		7406372113F60111009A1B9C /* AudioOutputUnit.h */ = {isa = PBXFileReference; fileEncoding = 4; lastKnownFileType = sourcecode.c.h; path = AudioOutputUnit.h; sourceTree = "<group>"; };
		7406372813F60134009A1B9C /* AudioToolbox.framework */ = {isa = PBXFileReference; lastKnownFileType = wrapper.framework; name = AudioToolbox.framework; path = System/Library/Frameworks/AudioToolbox.framework; sourceTree = SDKROOT; };
		7406375513F60170009A1B9C /* AudioEngineHelpers.h */ = {isa = PBXFileReference; fileEncoding = 4; lastKnownFileType = sourcecode.c.h; path = AudioEngineHelpers.h; sourceTree = "<group>"; };
		7406376313F601B3009A1B9C /* AudioManager.h */ = {isa = PBXFileReference; fileEncoding = 4; lastKnownFileType = sourcecode.c.h; path = AudioManager.h; sourceTree = "<group>"; };
		7406376413F601B3009A1B9C /* AudioManager.mm */ = {isa = PBXFileReference; fileEncoding = 4; lastKnownFileType = sourcecode.cpp.objcpp; path = AudioManager.mm; sourceTree = "<group>"; };
		7406376E13F6028C009A1B9C /* Accelerate.framework */ = {isa = PBXFileReference; lastKnownFileType = wrapper.framework; name = Accelerate.framework; path = System/Library/Frameworks/Accelerate.framework; sourceTree = SDKROOT; };
		7406377013F6028C009A1B9C /* CoreAudio.framework */ = {isa = PBXFileReference; lastKnownFileType = wrapper.framework; name = CoreAudio.framework; path = System/Library/Frameworks/CoreAudio.framework; sourceTree = SDKROOT; };
		740638AB13F6EB95009A1B9C /* pkmFFT.h */ = {isa = PBXFileReference; fileEncoding = 4; lastKnownFileType = sourcecode.c.h; path = pkmFFT.h; sourceTree = "<group>"; };
		740638AC13F6EB95009A1B9C /* pkmFFT.mm */ = {isa = PBXFileReference; fileEncoding = 4; lastKnownFileType = sourcecode.cpp.objcpp; path = pkmFFT.mm; sourceTree = "<group>"; };
		740639BD13F7274F009A1B9C /* AudioOscillator.h */ = {isa = PBXFileReference; fileEncoding = 4; lastKnownFileType = sourcecode.c.h; path = AudioOscillator.h; sourceTree = "<group>"; };
		740639BE13F7274F009A1B9C /* AudioOscillator.m */ = {isa = PBXFileReference; fileEncoding = 4; lastKnownFileType = sourcecode.c.objc; path = AudioOscillator.m; sourceTree = "<group>"; };
		74063A5D13F74B36009A1B9C /* AudioConsts.h */ = {isa = PBXFileReference; fileEncoding = 4; lastKnownFileType = sourcecode.c.h; path = AudioConsts.h; sourceTree = "<group>"; };
		8605D9A11290E9110036287D /* ntpAViewController.h */ = {isa = PBXFileReference; fileEncoding = 4; lastKnownFileType = sourcecode.c.h; path = ntpAViewController.h; sourceTree = "<group>"; };
		8605D9A21290E9110036287D /* ntpAViewController.m */ = {isa = PBXFileReference; fileEncoding = 4; lastKnownFileType = sourcecode.c.objc; path = ntpAViewController.m; sourceTree = "<group>"; };
		8605D9B91290E9600036287D /* en */ = {isa = PBXFileReference; lastKnownFileType = file.xib; name = en; path = en.lproj/ntpAViewController.xib; sourceTree = "<group>"; };
		86618F28126BB6430046A2B8 /* NetworkClock.h */ = {isa = PBXFileReference; fileEncoding = 4; lastKnownFileType = sourcecode.c.h; path = NetworkClock.h; sourceTree = "<group>"; };
		86618F29126BB6430046A2B8 /* NetworkClock.m */ = {isa = PBXFileReference; fileEncoding = 4; lastKnownFileType = sourcecode.c.objc; path = NetworkClock.m; sourceTree = "<group>"; };
		86619012126C07300046A2B8 /* ntp.hosts */ = {isa = PBXFileReference; fileEncoding = 4; lastKnownFileType = text; path = ntp.hosts; sourceTree = "<group>"; };
		8661906E126C0CD70046A2B8 /* UIKit.framework */ = {isa = PBXFileReference; lastKnownFileType = wrapper.framework; name = UIKit.framework; path = System/Library/Frameworks/UIKit.framework; sourceTree = SDKROOT; };
		8661907A126C0CEC0046A2B8 /* Foundation.framework */ = {isa = PBXFileReference; lastKnownFileType = wrapper.framework; name = Foundation.framework; path = System/Library/Frameworks/Foundation.framework; sourceTree = SDKROOT; };
		86619081126C0CFD0046A2B8 /* CoreGraphics.framework */ = {isa = PBXFileReference; lastKnownFileType = wrapper.framework; name = CoreGraphics.framework; path = System/Library/Frameworks/CoreGraphics.framework; sourceTree = SDKROOT; };
		86619085126C0D120046A2B8 /* CFNetwork.framework */ = {isa = PBXFileReference; lastKnownFileType = wrapper.framework; name = CFNetwork.framework; path = System/Library/Frameworks/CFNetwork.framework; sourceTree = SDKROOT; };
		86C39F0D126A1FA100A9DCD1 /* ntpA.app */ = {isa = PBXFileReference; explicitFileType = wrapper.application; includeInIndex = 0; path = ntpA.app; sourceTree = BUILT_PRODUCTS_DIR; };
		86C39F16126A1FA100A9DCD1 /* ntpA-Info.plist */ = {isa = PBXFileReference; lastKnownFileType = text.plist.xml; path = "ntpA-Info.plist"; plistStructureDefinitionIdentifier = "com.apple.xcode.plist.structure-definition.iphone.info-plist"; sourceTree = "<group>"; };
		86C39F17126A1FA100A9DCD1 /* ntpA_Prefix.pch */ = {isa = PBXFileReference; lastKnownFileType = sourcecode.c.h; path = ntpA_Prefix.pch; sourceTree = "<group>"; };
		86C39F19126A1FA100A9DCD1 /* en */ = {isa = PBXFileReference; lastKnownFileType = text.plist.strings; name = en; path = en.lproj/InfoPlist.strings; sourceTree = "<group>"; };
		86C39F1B126A1FA100A9DCD1 /* main.m */ = {isa = PBXFileReference; lastKnownFileType = sourcecode.c.objc; path = main.m; sourceTree = "<group>"; };
		86C39F1D126A1FA100A9DCD1 /* ntpAAppDelegate.h */ = {isa = PBXFileReference; lastKnownFileType = sourcecode.c.h; path = ntpAAppDelegate.h; sourceTree = "<group>"; };
		86C39F1E126A1FA100A9DCD1 /* ntpAAppDelegate.m */ = {isa = PBXFileReference; lastKnownFileType = sourcecode.c.objc; path = ntpAAppDelegate.m; sourceTree = "<group>"; };
		86C39F21126A1FA100A9DCD1 /* en */ = {isa = PBXFileReference; lastKnownFileType = file.xib; name = en; path = en.lproj/MainWindow.xib; sourceTree = "<group>"; };
		86E4C979128242B800841647 /* NetAssociation.h */ = {isa = PBXFileReference; fileEncoding = 4; lastKnownFileType = sourcecode.c.h; path = NetAssociation.h; sourceTree = "<group>"; };
		86E4C97A128242B800841647 /* NetAssociation.m */ = {isa = PBXFileReference; fileEncoding = 4; lastKnownFileType = sourcecode.c.objc; path = NetAssociation.m; sourceTree = "<group>"; };
		961F97FC13F6AF96003B3C71 /* test_photo.JPG */ = {isa = PBXFileReference; lastKnownFileType = image.jpeg; path = test_photo.JPG; sourceTree = "<group>"; };
		9676CF6313F5FD5D00A8AA52 /* ASIAuthenticationDialog.h */ = {isa = PBXFileReference; fileEncoding = 4; lastKnownFileType = sourcecode.c.h; path = ASIAuthenticationDialog.h; sourceTree = "<group>"; };
		9676CF6413F5FD5D00A8AA52 /* ASIAuthenticationDialog.m */ = {isa = PBXFileReference; fileEncoding = 4; lastKnownFileType = sourcecode.c.objc; path = ASIAuthenticationDialog.m; sourceTree = "<group>"; };
		9676CF6513F5FD5D00A8AA52 /* ASICacheDelegate.h */ = {isa = PBXFileReference; fileEncoding = 4; lastKnownFileType = sourcecode.c.h; path = ASICacheDelegate.h; sourceTree = "<group>"; };
		9676CF6613F5FD5D00A8AA52 /* ASIDownloadCache.h */ = {isa = PBXFileReference; fileEncoding = 4; lastKnownFileType = sourcecode.c.h; path = ASIDownloadCache.h; sourceTree = "<group>"; };
		9676CF6713F5FD5D00A8AA52 /* ASIDownloadCache.m */ = {isa = PBXFileReference; fileEncoding = 4; lastKnownFileType = sourcecode.c.objc; path = ASIDownloadCache.m; sourceTree = "<group>"; };
		9676CF6813F5FD5D00A8AA52 /* ASIFormDataRequest.h */ = {isa = PBXFileReference; fileEncoding = 4; lastKnownFileType = sourcecode.c.h; path = ASIFormDataRequest.h; sourceTree = "<group>"; };
		9676CF6913F5FD5D00A8AA52 /* ASIFormDataRequest.m */ = {isa = PBXFileReference; fileEncoding = 4; lastKnownFileType = sourcecode.c.objc; path = ASIFormDataRequest.m; sourceTree = "<group>"; };
		9676CF6A13F5FD5D00A8AA52 /* ASIHTTPRequest.h */ = {isa = PBXFileReference; fileEncoding = 4; lastKnownFileType = sourcecode.c.h; path = ASIHTTPRequest.h; sourceTree = "<group>"; };
		9676CF6B13F5FD5D00A8AA52 /* ASIHTTPRequest.m */ = {isa = PBXFileReference; fileEncoding = 4; lastKnownFileType = sourcecode.c.objc; path = ASIHTTPRequest.m; sourceTree = "<group>"; };
		9676CF6C13F5FD5D00A8AA52 /* ASIHTTPRequestConfig.h */ = {isa = PBXFileReference; fileEncoding = 4; lastKnownFileType = sourcecode.c.h; path = ASIHTTPRequestConfig.h; sourceTree = "<group>"; };
		9676CF6D13F5FD5D00A8AA52 /* ASIHTTPRequestDelegate.h */ = {isa = PBXFileReference; fileEncoding = 4; lastKnownFileType = sourcecode.c.h; path = ASIHTTPRequestDelegate.h; sourceTree = "<group>"; };
		9676CF6E13F5FD5D00A8AA52 /* ASIInputStream.h */ = {isa = PBXFileReference; fileEncoding = 4; lastKnownFileType = sourcecode.c.h; path = ASIInputStream.h; sourceTree = "<group>"; };
		9676CF6F13F5FD5D00A8AA52 /* ASIInputStream.m */ = {isa = PBXFileReference; fileEncoding = 4; lastKnownFileType = sourcecode.c.objc; path = ASIInputStream.m; sourceTree = "<group>"; };
		9676CF7013F5FD5D00A8AA52 /* ASINetworkQueue.h */ = {isa = PBXFileReference; fileEncoding = 4; lastKnownFileType = sourcecode.c.h; path = ASINetworkQueue.h; sourceTree = "<group>"; };
		9676CF7113F5FD5D00A8AA52 /* ASINetworkQueue.m */ = {isa = PBXFileReference; fileEncoding = 4; lastKnownFileType = sourcecode.c.objc; path = ASINetworkQueue.m; sourceTree = "<group>"; };
		9676CF7213F5FD5D00A8AA52 /* ASIProgressDelegate.h */ = {isa = PBXFileReference; fileEncoding = 4; lastKnownFileType = sourcecode.c.h; path = ASIProgressDelegate.h; sourceTree = "<group>"; };
		9676CF7413F5FD5D00A8AA52 /* ASICloudFilesCDNRequest.h */ = {isa = PBXFileReference; fileEncoding = 4; lastKnownFileType = sourcecode.c.h; path = ASICloudFilesCDNRequest.h; sourceTree = "<group>"; };
		9676CF7513F5FD5D00A8AA52 /* ASICloudFilesCDNRequest.m */ = {isa = PBXFileReference; fileEncoding = 4; lastKnownFileType = sourcecode.c.objc; path = ASICloudFilesCDNRequest.m; sourceTree = "<group>"; };
		9676CF7613F5FD5D00A8AA52 /* ASICloudFilesContainer.h */ = {isa = PBXFileReference; fileEncoding = 4; lastKnownFileType = sourcecode.c.h; path = ASICloudFilesContainer.h; sourceTree = "<group>"; };
		9676CF7713F5FD5D00A8AA52 /* ASICloudFilesContainer.m */ = {isa = PBXFileReference; fileEncoding = 4; lastKnownFileType = sourcecode.c.objc; path = ASICloudFilesContainer.m; sourceTree = "<group>"; };
		9676CF7813F5FD5D00A8AA52 /* ASICloudFilesContainerRequest.h */ = {isa = PBXFileReference; fileEncoding = 4; lastKnownFileType = sourcecode.c.h; path = ASICloudFilesContainerRequest.h; sourceTree = "<group>"; };
		9676CF7913F5FD5D00A8AA52 /* ASICloudFilesContainerRequest.m */ = {isa = PBXFileReference; fileEncoding = 4; lastKnownFileType = sourcecode.c.objc; path = ASICloudFilesContainerRequest.m; sourceTree = "<group>"; };
		9676CF7A13F5FD5D00A8AA52 /* ASICloudFilesContainerXMLParserDelegate.h */ = {isa = PBXFileReference; fileEncoding = 4; lastKnownFileType = sourcecode.c.h; path = ASICloudFilesContainerXMLParserDelegate.h; sourceTree = "<group>"; };
		9676CF7B13F5FD5D00A8AA52 /* ASICloudFilesContainerXMLParserDelegate.m */ = {isa = PBXFileReference; fileEncoding = 4; lastKnownFileType = sourcecode.c.objc; path = ASICloudFilesContainerXMLParserDelegate.m; sourceTree = "<group>"; };
		9676CF7C13F5FD5D00A8AA52 /* ASICloudFilesObject.h */ = {isa = PBXFileReference; fileEncoding = 4; lastKnownFileType = sourcecode.c.h; path = ASICloudFilesObject.h; sourceTree = "<group>"; };
		9676CF7D13F5FD5D00A8AA52 /* ASICloudFilesObject.m */ = {isa = PBXFileReference; fileEncoding = 4; lastKnownFileType = sourcecode.c.objc; path = ASICloudFilesObject.m; sourceTree = "<group>"; };
		9676CF7E13F5FD5D00A8AA52 /* ASICloudFilesObjectRequest.h */ = {isa = PBXFileReference; fileEncoding = 4; lastKnownFileType = sourcecode.c.h; path = ASICloudFilesObjectRequest.h; sourceTree = "<group>"; };
		9676CF7F13F5FD5D00A8AA52 /* ASICloudFilesObjectRequest.m */ = {isa = PBXFileReference; fileEncoding = 4; lastKnownFileType = sourcecode.c.objc; path = ASICloudFilesObjectRequest.m; sourceTree = "<group>"; };
		9676CF8013F5FD5D00A8AA52 /* ASICloudFilesRequest.h */ = {isa = PBXFileReference; fileEncoding = 4; lastKnownFileType = sourcecode.c.h; path = ASICloudFilesRequest.h; sourceTree = "<group>"; };
		9676CF8113F5FD5D00A8AA52 /* ASICloudFilesRequest.m */ = {isa = PBXFileReference; fileEncoding = 4; lastKnownFileType = sourcecode.c.objc; path = ASICloudFilesRequest.m; sourceTree = "<group>"; };
		9676CF8313F5FD5D00A8AA52 /* ASINSXMLParserCompat.h */ = {isa = PBXFileReference; fileEncoding = 4; lastKnownFileType = sourcecode.c.h; path = ASINSXMLParserCompat.h; sourceTree = "<group>"; };
		9676CF8413F5FD5D00A8AA52 /* ASIS3Bucket.h */ = {isa = PBXFileReference; fileEncoding = 4; lastKnownFileType = sourcecode.c.h; path = ASIS3Bucket.h; sourceTree = "<group>"; };
		9676CF8513F5FD5D00A8AA52 /* ASIS3Bucket.m */ = {isa = PBXFileReference; fileEncoding = 4; lastKnownFileType = sourcecode.c.objc; path = ASIS3Bucket.m; sourceTree = "<group>"; };
		9676CF8613F5FD5D00A8AA52 /* ASIS3BucketObject.h */ = {isa = PBXFileReference; fileEncoding = 4; lastKnownFileType = sourcecode.c.h; path = ASIS3BucketObject.h; sourceTree = "<group>"; };
		9676CF8713F5FD5D00A8AA52 /* ASIS3BucketObject.m */ = {isa = PBXFileReference; fileEncoding = 4; lastKnownFileType = sourcecode.c.objc; path = ASIS3BucketObject.m; sourceTree = "<group>"; };
		9676CF8813F5FD5D00A8AA52 /* ASIS3BucketRequest.h */ = {isa = PBXFileReference; fileEncoding = 4; lastKnownFileType = sourcecode.c.h; path = ASIS3BucketRequest.h; sourceTree = "<group>"; };
		9676CF8913F5FD5D00A8AA52 /* ASIS3BucketRequest.m */ = {isa = PBXFileReference; fileEncoding = 4; lastKnownFileType = sourcecode.c.objc; path = ASIS3BucketRequest.m; sourceTree = "<group>"; };
		9676CF8A13F5FD5D00A8AA52 /* ASIS3ObjectRequest.h */ = {isa = PBXFileReference; fileEncoding = 4; lastKnownFileType = sourcecode.c.h; path = ASIS3ObjectRequest.h; sourceTree = "<group>"; };
		9676CF8B13F5FD5D00A8AA52 /* ASIS3ObjectRequest.m */ = {isa = PBXFileReference; fileEncoding = 4; lastKnownFileType = sourcecode.c.objc; path = ASIS3ObjectRequest.m; sourceTree = "<group>"; };
		9676CF8C13F5FD5D00A8AA52 /* ASIS3Request.h */ = {isa = PBXFileReference; fileEncoding = 4; lastKnownFileType = sourcecode.c.h; path = ASIS3Request.h; sourceTree = "<group>"; };
		9676CF8D13F5FD5D00A8AA52 /* ASIS3Request.m */ = {isa = PBXFileReference; fileEncoding = 4; lastKnownFileType = sourcecode.c.objc; path = ASIS3Request.m; sourceTree = "<group>"; };
		9676CF8E13F5FD5D00A8AA52 /* ASIS3ServiceRequest.h */ = {isa = PBXFileReference; fileEncoding = 4; lastKnownFileType = sourcecode.c.h; path = ASIS3ServiceRequest.h; sourceTree = "<group>"; };
		9676CF8F13F5FD5D00A8AA52 /* ASIS3ServiceRequest.m */ = {isa = PBXFileReference; fileEncoding = 4; lastKnownFileType = sourcecode.c.objc; path = ASIS3ServiceRequest.m; sourceTree = "<group>"; };
		9676CF9113F5FD5D00A8AA52 /* ASIOAuthHeaderProvider.h */ = {isa = PBXFileReference; fileEncoding = 4; lastKnownFileType = sourcecode.c.h; path = ASIOAuthHeaderProvider.h; sourceTree = "<group>"; };
		9676CF9213F5FD5D00A8AA52 /* ASIOAuthHeaderProvider.m */ = {isa = PBXFileReference; fileEncoding = 4; lastKnownFileType = sourcecode.c.objc; path = ASIOAuthHeaderProvider.m; sourceTree = "<group>"; };
		9676CF9313F5FD5D00A8AA52 /* ConstantsShare.h */ = {isa = PBXFileReference; fileEncoding = 4; lastKnownFileType = sourcecode.c.h; path = ConstantsShare.h; sourceTree = "<group>"; };
		9676CF9513F5FD5D00A8AA52 /* NSDataAdditions.h */ = {isa = PBXFileReference; fileEncoding = 4; lastKnownFileType = sourcecode.c.h; path = NSDataAdditions.h; sourceTree = "<group>"; };
		9676CF9613F5FD5D00A8AA52 /* NSDataAdditions.m */ = {isa = PBXFileReference; fileEncoding = 4; lastKnownFileType = sourcecode.c.objc; path = NSDataAdditions.m; sourceTree = "<group>"; };
		9676CF9713F5FD5D00A8AA52 /* NSStringAdditions.h */ = {isa = PBXFileReference; fileEncoding = 4; lastKnownFileType = sourcecode.c.h; path = NSStringAdditions.h; sourceTree = "<group>"; };
		9676CF9813F5FD5D00A8AA52 /* NSStringAdditions.m */ = {isa = PBXFileReference; fileEncoding = 4; lastKnownFileType = sourcecode.c.objc; path = NSStringAdditions.m; sourceTree = "<group>"; };
		9676CF9B13F5FD5D00A8AA52 /* ASIHTTPRequest+Parameters.h */ = {isa = PBXFileReference; fileEncoding = 4; lastKnownFileType = sourcecode.c.h; path = "ASIHTTPRequest+Parameters.h"; sourceTree = "<group>"; };
		9676CF9C13F5FD5D00A8AA52 /* ASIHTTPRequest+Parameters.m */ = {isa = PBXFileReference; fileEncoding = 4; lastKnownFileType = sourcecode.c.objc; path = "ASIHTTPRequest+Parameters.m"; sourceTree = "<group>"; };
		9676CF9D13F5FD5D00A8AA52 /* NSMutableURLRequest+Parameters.h */ = {isa = PBXFileReference; fileEncoding = 4; lastKnownFileType = sourcecode.c.h; path = "NSMutableURLRequest+Parameters.h"; sourceTree = "<group>"; };
		9676CF9E13F5FD5D00A8AA52 /* NSMutableURLRequest+Parameters.m */ = {isa = PBXFileReference; fileEncoding = 4; lastKnownFileType = sourcecode.c.objc; path = "NSMutableURLRequest+Parameters.m"; sourceTree = "<group>"; };
		9676CF9F13F5FD5D00A8AA52 /* NSString+URLEncoding.h */ = {isa = PBXFileReference; fileEncoding = 4; lastKnownFileType = sourcecode.c.h; path = "NSString+URLEncoding.h"; sourceTree = "<group>"; };
		9676CFA013F5FD5D00A8AA52 /* NSString+URLEncoding.m */ = {isa = PBXFileReference; fileEncoding = 4; lastKnownFileType = sourcecode.c.objc; path = "NSString+URLEncoding.m"; sourceTree = "<group>"; };
		9676CFA113F5FD5D00A8AA52 /* NSURL+Base.h */ = {isa = PBXFileReference; fileEncoding = 4; lastKnownFileType = sourcecode.c.h; path = "NSURL+Base.h"; sourceTree = "<group>"; };
		9676CFA213F5FD5D00A8AA52 /* NSURL+Base.m */ = {isa = PBXFileReference; fileEncoding = 4; lastKnownFileType = sourcecode.c.objc; path = "NSURL+Base.m"; sourceTree = "<group>"; };
		9676CFA413F5FD5D00A8AA52 /* Base64Transcoder.c */ = {isa = PBXFileReference; fileEncoding = 4; lastKnownFileType = sourcecode.c.c; path = Base64Transcoder.c; sourceTree = "<group>"; };
		9676CFA513F5FD5D00A8AA52 /* Base64Transcoder.h */ = {isa = PBXFileReference; fileEncoding = 4; lastKnownFileType = sourcecode.c.h; path = Base64Transcoder.h; sourceTree = "<group>"; };
		9676CFA613F5FD5D00A8AA52 /* hmac.c */ = {isa = PBXFileReference; fileEncoding = 4; lastKnownFileType = sourcecode.c.c; path = hmac.c; sourceTree = "<group>"; };
		9676CFA713F5FD5D00A8AA52 /* hmac.h */ = {isa = PBXFileReference; fileEncoding = 4; lastKnownFileType = sourcecode.c.h; path = hmac.h; sourceTree = "<group>"; };
		9676CFA813F5FD5D00A8AA52 /* sha1.c */ = {isa = PBXFileReference; fileEncoding = 4; lastKnownFileType = sourcecode.c.c; path = sha1.c; sourceTree = "<group>"; };
		9676CFA913F5FD5D00A8AA52 /* sha1.h */ = {isa = PBXFileReference; fileEncoding = 4; lastKnownFileType = sourcecode.c.h; path = sha1.h; sourceTree = "<group>"; };
		9676CFAA13F5FD5D00A8AA52 /* OACall.h */ = {isa = PBXFileReference; fileEncoding = 4; lastKnownFileType = sourcecode.c.h; path = OACall.h; sourceTree = "<group>"; };
		9676CFAB13F5FD5D00A8AA52 /* OACall.m */ = {isa = PBXFileReference; fileEncoding = 4; lastKnownFileType = sourcecode.c.objc; path = OACall.m; sourceTree = "<group>"; };
		9676CFAC13F5FD5D00A8AA52 /* OAConsumer.h */ = {isa = PBXFileReference; fileEncoding = 4; lastKnownFileType = sourcecode.c.h; path = OAConsumer.h; sourceTree = "<group>"; };
		9676CFAD13F5FD5D00A8AA52 /* OAConsumer.m */ = {isa = PBXFileReference; fileEncoding = 4; lastKnownFileType = sourcecode.c.objc; path = OAConsumer.m; sourceTree = "<group>"; };
		9676CFAE13F5FD5D00A8AA52 /* OADataFetcher.h */ = {isa = PBXFileReference; fileEncoding = 4; lastKnownFileType = sourcecode.c.h; path = OADataFetcher.h; sourceTree = "<group>"; };
		9676CFAF13F5FD5D00A8AA52 /* OADataFetcher.m */ = {isa = PBXFileReference; fileEncoding = 4; lastKnownFileType = sourcecode.c.objc; path = OADataFetcher.m; sourceTree = "<group>"; };
		9676CFB013F5FD5D00A8AA52 /* OAHMAC_SHA1SignatureProvider.h */ = {isa = PBXFileReference; fileEncoding = 4; lastKnownFileType = sourcecode.c.h; path = OAHMAC_SHA1SignatureProvider.h; sourceTree = "<group>"; };
		9676CFB113F5FD5D00A8AA52 /* OAHMAC_SHA1SignatureProvider.m */ = {isa = PBXFileReference; fileEncoding = 4; lastKnownFileType = sourcecode.c.objc; path = OAHMAC_SHA1SignatureProvider.m; sourceTree = "<group>"; };
		9676CFB213F5FD5D00A8AA52 /* OAMutableURLRequest.h */ = {isa = PBXFileReference; fileEncoding = 4; lastKnownFileType = sourcecode.c.h; path = OAMutableURLRequest.h; sourceTree = "<group>"; };
		9676CFB313F5FD5D00A8AA52 /* OAMutableURLRequest.m */ = {isa = PBXFileReference; fileEncoding = 4; lastKnownFileType = sourcecode.c.objc; path = OAMutableURLRequest.m; sourceTree = "<group>"; };
		9676CFB413F5FD5D00A8AA52 /* OAPlaintextSignatureProvider.h */ = {isa = PBXFileReference; fileEncoding = 4; lastKnownFileType = sourcecode.c.h; path = OAPlaintextSignatureProvider.h; sourceTree = "<group>"; };
		9676CFB513F5FD5D00A8AA52 /* OAPlaintextSignatureProvider.m */ = {isa = PBXFileReference; fileEncoding = 4; lastKnownFileType = sourcecode.c.objc; path = OAPlaintextSignatureProvider.m; sourceTree = "<group>"; };
		9676CFB613F5FD5D00A8AA52 /* OAProblem.h */ = {isa = PBXFileReference; fileEncoding = 4; lastKnownFileType = sourcecode.c.h; path = OAProblem.h; sourceTree = "<group>"; };
		9676CFB713F5FD5D00A8AA52 /* OAProblem.m */ = {isa = PBXFileReference; fileEncoding = 4; lastKnownFileType = sourcecode.c.objc; path = OAProblem.m; sourceTree = "<group>"; };
		9676CFB813F5FD5D00A8AA52 /* OARequestParameter.h */ = {isa = PBXFileReference; fileEncoding = 4; lastKnownFileType = sourcecode.c.h; path = OARequestParameter.h; sourceTree = "<group>"; };
		9676CFB913F5FD5D00A8AA52 /* OARequestParameter.m */ = {isa = PBXFileReference; fileEncoding = 4; lastKnownFileType = sourcecode.c.objc; path = OARequestParameter.m; sourceTree = "<group>"; };
		9676CFBA13F5FD5D00A8AA52 /* OAServiceTicket.h */ = {isa = PBXFileReference; fileEncoding = 4; lastKnownFileType = sourcecode.c.h; path = OAServiceTicket.h; sourceTree = "<group>"; };
		9676CFBB13F5FD5D00A8AA52 /* OAServiceTicket.m */ = {isa = PBXFileReference; fileEncoding = 4; lastKnownFileType = sourcecode.c.objc; path = OAServiceTicket.m; sourceTree = "<group>"; };
		9676CFBC13F5FD5D00A8AA52 /* OASignatureProviding.h */ = {isa = PBXFileReference; fileEncoding = 4; lastKnownFileType = sourcecode.c.h; path = OASignatureProviding.h; sourceTree = "<group>"; };
		9676CFBD13F5FD5D00A8AA52 /* OATestServer.rb */ = {isa = PBXFileReference; fileEncoding = 4; lastKnownFileType = text.script.ruby; path = OATestServer.rb; sourceTree = "<group>"; };
		9676CFBE13F5FD5D00A8AA52 /* OAToken.h */ = {isa = PBXFileReference; fileEncoding = 4; lastKnownFileType = sourcecode.c.h; path = OAToken.h; sourceTree = "<group>"; };
		9676CFBF13F5FD5D00A8AA52 /* OAToken.m */ = {isa = PBXFileReference; fileEncoding = 4; lastKnownFileType = sourcecode.c.objc; path = OAToken.m; sourceTree = "<group>"; };
		9676CFC013F5FD5D00A8AA52 /* OATokenManager.h */ = {isa = PBXFileReference; fileEncoding = 4; lastKnownFileType = sourcecode.c.h; path = OATokenManager.h; sourceTree = "<group>"; };
		9676CFC113F5FD5D00A8AA52 /* OATokenManager.m */ = {isa = PBXFileReference; fileEncoding = 4; lastKnownFileType = sourcecode.c.objc; path = OATokenManager.m; sourceTree = "<group>"; };
		9676CFC213F5FD5D00A8AA52 /* OAuthConsumer.h */ = {isa = PBXFileReference; fileEncoding = 4; lastKnownFileType = sourcecode.c.h; path = OAuthConsumer.h; sourceTree = "<group>"; };
		9676CFC313F5FD5D00A8AA52 /* README */ = {isa = PBXFileReference; fileEncoding = 4; lastKnownFileType = text; path = README; sourceTree = "<group>"; };
		9676CFC413F5FD5D00A8AA52 /* PictureTimeServer.h */ = {isa = PBXFileReference; fileEncoding = 4; lastKnownFileType = sourcecode.c.h; path = PictureTimeServer.h; sourceTree = "<group>"; };
		9676CFC513F5FD5D00A8AA52 /* PictureTimeServer.m */ = {isa = PBXFileReference; fileEncoding = 4; lastKnownFileType = sourcecode.c.objc; path = PictureTimeServer.m; sourceTree = "<group>"; };
		9676CFC713F5FD5D00A8AA52 /* Reachability.h */ = {isa = PBXFileReference; fileEncoding = 4; lastKnownFileType = sourcecode.c.h; path = Reachability.h; sourceTree = "<group>"; };
		9676CFC813F5FD5D00A8AA52 /* Reachability.m */ = {isa = PBXFileReference; fileEncoding = 4; lastKnownFileType = sourcecode.c.objc; path = Reachability.m; sourceTree = "<group>"; };
		9676CFC913F5FD5D00A8AA52 /* RequestObject.h */ = {isa = PBXFileReference; fileEncoding = 4; lastKnownFileType = sourcecode.c.h; path = RequestObject.h; sourceTree = "<group>"; };
		9676CFCA13F5FD5D00A8AA52 /* RequestObject.m */ = {isa = PBXFileReference; fileEncoding = 4; lastKnownFileType = sourcecode.c.objc; path = RequestObject.m; sourceTree = "<group>"; };
		9676CFCB13F5FD5D00A8AA52 /* UploadTumblr.h */ = {isa = PBXFileReference; fileEncoding = 4; lastKnownFileType = sourcecode.c.h; path = UploadTumblr.h; sourceTree = "<group>"; };
		9676CFCC13F5FD5D00A8AA52 /* UploadTumblr.m */ = {isa = PBXFileReference; fileEncoding = 4; lastKnownFileType = sourcecode.c.objc; path = UploadTumblr.m; sourceTree = "<group>"; };
		96B6160013F5EB6100EB5690 /* libz.dylib */ = {isa = PBXFileReference; lastKnownFileType = "compiled.mach-o.dylib"; name = libz.dylib; path = usr/lib/libz.dylib; sourceTree = SDKROOT; };
		96B6160213F5EB7A00EB5690 /* SystemConfiguration.framework */ = {isa = PBXFileReference; lastKnownFileType = wrapper.framework; name = SystemConfiguration.framework; path = System/Library/Frameworks/SystemConfiguration.framework; sourceTree = SDKROOT; };
		96B6160413F5EBA700EB5690 /* MobileCoreServices.framework */ = {isa = PBXFileReference; lastKnownFileType = wrapper.framework; name = MobileCoreServices.framework; path = System/Library/Frameworks/MobileCoreServices.framework; sourceTree = SDKROOT; };
		96B6160513F5EBA700EB5690 /* SystemConfiguration.framework */ = {isa = PBXFileReference; lastKnownFileType = wrapper.framework; name = SystemConfiguration.framework; path = System/Library/Frameworks/SystemConfiguration.framework; sourceTree = SDKROOT; };
		96D014FC13F5C65400BFF857 /* SynthesizeSingleton.h */ = {isa = PBXFileReference; fileEncoding = 4; lastKnownFileType = sourcecode.c.h; name = SynthesizeSingleton.h; path = Classes/SynthesizeSingleton.h; sourceTree = "<group>"; };
		96D014FE13F5C66F00BFF857 /* AsyncUdpSocket.m */ = {isa = PBXFileReference; fileEncoding = 4; lastKnownFileType = sourcecode.c.objc; name = AsyncUdpSocket.m; path = cocoaasyncsocket/RunLoop/AsyncUdpSocket.m; sourceTree = SOURCE_ROOT; };
		96D014FF13F5C66F00BFF857 /* AsyncUdpSocket.h */ = {isa = PBXFileReference; fileEncoding = 4; lastKnownFileType = sourcecode.c.h; name = AsyncUdpSocket.h; path = cocoaasyncsocket/RunLoop/AsyncUdpSocket.h; sourceTree = SOURCE_ROOT; };
/* End PBXFileReference section */

/* Begin PBXFrameworksBuildPhase section */
		86C39F0A126A1FA100A9DCD1 /* Frameworks */ = {
			isa = PBXFrameworksBuildPhase;
			buildActionMask = 2147483647;
			files = (
				96B6160613F5EBA700EB5690 /* MobileCoreServices.framework in Frameworks */,
				96B6160313F5EB7A00EB5690 /* SystemConfiguration.framework in Frameworks */,
				96B6160113F5EB6100EB5690 /* libz.dylib in Frameworks */,
				8661906F126C0CD70046A2B8 /* UIKit.framework in Frameworks */,
				8661907B126C0CEC0046A2B8 /* Foundation.framework in Frameworks */,
				86619082126C0CFD0046A2B8 /* CoreGraphics.framework in Frameworks */,
				86619086126C0D120046A2B8 /* CFNetwork.framework in Frameworks */,
				740635BF13F5DFCE009A1B9C /* AVFoundation.framework in Frameworks */,
				740635C113F5DFCE009A1B9C /* CoreMedia.framework in Frameworks */,
				740635C313F5DFCE009A1B9C /* CoreVideo.framework in Frameworks */,
				740635C513F5DFCE009A1B9C /* QuartzCore.framework in Frameworks */,
				7406372913F60134009A1B9C /* AudioToolbox.framework in Frameworks */,
				7406376F13F6028C009A1B9C /* Accelerate.framework in Frameworks */,
				7406377113F6028C009A1B9C /* CoreAudio.framework in Frameworks */,
			);
			runOnlyForDeploymentPostprocessing = 0;
		};
/* End PBXFrameworksBuildPhase section */

/* Begin PBXGroup section */
		7406371E13F600F7009A1B9C /* Audio Stuff */ = {
			isa = PBXGroup;
			children = (
				7406375513F60170009A1B9C /* AudioEngineHelpers.h */,
				7406371F13F60111009A1B9C /* DebuggingMacros.h */,
				7406372013F60111009A1B9C /* AudioOutputUnit.mm */,
				7406372113F60111009A1B9C /* AudioOutputUnit.h */,
				7406376313F601B3009A1B9C /* AudioManager.h */,
				7406376413F601B3009A1B9C /* AudioManager.mm */,
				740639BD13F7274F009A1B9C /* AudioOscillator.h */,
				740639BE13F7274F009A1B9C /* AudioOscillator.m */,
				74063A5D13F74B36009A1B9C /* AudioConsts.h */,
			);
			name = "Audio Stuff";
			sourceTree = "<group>";
		};
		740638A713F6EAA5009A1B9C /* FFT */ = {
			isa = PBXGroup;
			children = (
				740638AB13F6EB95009A1B9C /* pkmFFT.h */,
				740638AC13F6EB95009A1B9C /* pkmFFT.mm */,
			);
			name = FFT;
			sourceTree = "<group>";
		};
		86C39EFE126A1FA000A9DCD1 = {
			isa = PBXGroup;
			children = (
				96B6160413F5EBA700EB5690 /* MobileCoreServices.framework */,
				96B6160513F5EBA700EB5690 /* SystemConfiguration.framework */,
				96B6160213F5EB7A00EB5690 /* SystemConfiguration.framework */,
				96B6160013F5EB6100EB5690 /* libz.dylib */,
				86C39F06126A1FA100A9DCD1 /* Other Sources */,
				86C39F05126A1FA000A9DCD1 /* Classes */,
				86C39F07126A1FA100A9DCD1 /* Resources */,
				86FFAD7B126AD22300F5B70C /* Resources-iPad */,
				86C39F08126A1FA100A9DCD1 /* Frameworks */,
				86C39F0E126A1FA100A9DCD1 /* Products */,
			);
			sourceTree = "<group>";
		};
		86C39F05126A1FA000A9DCD1 /* Classes */ = {
			isa = PBXGroup;
			children = (
				9676CF6113F5FD5D00A8AA52 /* Net */,
				96D014FE13F5C66F00BFF857 /* AsyncUdpSocket.m */,
				96D014FF13F5C66F00BFF857 /* AsyncUdpSocket.h */,
				740635B913F5DF76009A1B9C /* CameraCapturer.h */,
				740635BA13F5DF76009A1B9C /* CameraCapturer.m */,
				86C39F1D126A1FA100A9DCD1 /* ntpAAppDelegate.h */,
				86C39F1E126A1FA100A9DCD1 /* ntpAAppDelegate.m */,
				8605D9A11290E9110036287D /* ntpAViewController.h */,
				8605D9A21290E9110036287D /* ntpAViewController.m */,
				86618F28126BB6430046A2B8 /* NetworkClock.h */,
				86618F29126BB6430046A2B8 /* NetworkClock.m */,
				86E4C979128242B800841647 /* NetAssociation.h */,
				86E4C97A128242B800841647 /* NetAssociation.m */,
				740638A713F6EAA5009A1B9C /* FFT */,
				7406371E13F600F7009A1B9C /* Audio Stuff */,
			);
			path = Classes;
			sourceTree = "<group>";
		};
		86C39F06126A1FA100A9DCD1 /* Other Sources */ = {
			isa = PBXGroup;
			children = (
				740636BE13F5F3AF009A1B9C /* LLOrientationVector.h */,
				740636BF13F5F3AF009A1B9C /* LLOrientationVector.m */,
				740636C013F5F3AF009A1B9C /* LLOrientationDetector.h */,
				740636C113F5F3AF009A1B9C /* LLOrientationDetector.m */,
				740636BB13F5F39E009A1B9C /* ImageUtils.h */,
				740636BC13F5F39E009A1B9C /* ImageUtils.m */,
				86C39F17126A1FA100A9DCD1 /* ntpA_Prefix.pch */,
				96D014FC13F5C65400BFF857 /* SynthesizeSingleton.h */,
				86C39F1B126A1FA100A9DCD1 /* main.m */,
			);
			name = "Other Sources";
			sourceTree = "<group>";
		};
		86C39F07126A1FA100A9DCD1 /* Resources */ = {
			isa = PBXGroup;
			children = (
				961F97FC13F6AF96003B3C71 /* test_photo.JPG */,
				86619012126C07300046A2B8 /* ntp.hosts */,
				86C39F16126A1FA100A9DCD1 /* ntpA-Info.plist */,
				86C39F18126A1FA100A9DCD1 /* InfoPlist.strings */,
				86C39F20126A1FA100A9DCD1 /* MainWindow.xib */,
				8605D9B81290E9600036287D /* ntpAViewController.xib */,
			);
			name = Resources;
			sourceTree = "<group>";
		};
		86C39F08126A1FA100A9DCD1 /* Frameworks */ = {
			isa = PBXGroup;
			children = (
				740635BE13F5DFCE009A1B9C /* AVFoundation.framework */,
				740635C013F5DFCE009A1B9C /* CoreMedia.framework */,
				740635C213F5DFCE009A1B9C /* CoreVideo.framework */,
				740635C413F5DFCE009A1B9C /* QuartzCore.framework */,
				8661906E126C0CD70046A2B8 /* UIKit.framework */,
				8661907A126C0CEC0046A2B8 /* Foundation.framework */,
				86619081126C0CFD0046A2B8 /* CoreGraphics.framework */,
				86619085126C0D120046A2B8 /* CFNetwork.framework */,
				7406372813F60134009A1B9C /* AudioToolbox.framework */,
				7406376E13F6028C009A1B9C /* Accelerate.framework */,
				7406377013F6028C009A1B9C /* CoreAudio.framework */,
			);
			name = Frameworks;
			sourceTree = "<group>";
		};
		86C39F0E126A1FA100A9DCD1 /* Products */ = {
			isa = PBXGroup;
			children = (
				86C39F0D126A1FA100A9DCD1 /* ntpA.app */,
			);
			name = Products;
			sourceTree = "<group>";
		};
		86FFAD7B126AD22300F5B70C /* Resources-iPad */ = {
			isa = PBXGroup;
			children = (
			);
			name = "Resources-iPad";
			sourceTree = "<group>";
		};
		9676CF6113F5FD5D00A8AA52 /* Net */ = {
			isa = PBXGroup;
			children = (
				9676CF6213F5FD5D00A8AA52 /* ASI */,
				9676CF9113F5FD5D00A8AA52 /* ASIOAuthHeaderProvider.h */,
				9676CF9213F5FD5D00A8AA52 /* ASIOAuthHeaderProvider.m */,
				9676CF9313F5FD5D00A8AA52 /* ConstantsShare.h */,
				9676CF9413F5FD5D00A8AA52 /* Crypto */,
				9676CF9513F5FD5D00A8AA52 /* NSDataAdditions.h */,
				9676CF9613F5FD5D00A8AA52 /* NSDataAdditions.m */,
				9676CF9713F5FD5D00A8AA52 /* NSStringAdditions.h */,
				9676CF9813F5FD5D00A8AA52 /* NSStringAdditions.m */,
				9676CF9913F5FD5D00A8AA52 /* oauthconsumer */,
				9676CFC413F5FD5D00A8AA52 /* PictureTimeServer.h */,
				9676CFC513F5FD5D00A8AA52 /* PictureTimeServer.m */,
				9676CFC613F5FD5D00A8AA52 /* Reachability */,
				9676CFC913F5FD5D00A8AA52 /* RequestObject.h */,
				9676CFCA13F5FD5D00A8AA52 /* RequestObject.m */,
				9676CFCB13F5FD5D00A8AA52 /* UploadTumblr.h */,
				9676CFCC13F5FD5D00A8AA52 /* UploadTumblr.m */,
			);
			path = Net;
			sourceTree = "<group>";
		};
		9676CF6213F5FD5D00A8AA52 /* ASI */ = {
			isa = PBXGroup;
			children = (
				9676CF6313F5FD5D00A8AA52 /* ASIAuthenticationDialog.h */,
				9676CF6413F5FD5D00A8AA52 /* ASIAuthenticationDialog.m */,
				9676CF6513F5FD5D00A8AA52 /* ASICacheDelegate.h */,
				9676CF6613F5FD5D00A8AA52 /* ASIDownloadCache.h */,
				9676CF6713F5FD5D00A8AA52 /* ASIDownloadCache.m */,
				9676CF6813F5FD5D00A8AA52 /* ASIFormDataRequest.h */,
				9676CF6913F5FD5D00A8AA52 /* ASIFormDataRequest.m */,
				9676CF6A13F5FD5D00A8AA52 /* ASIHTTPRequest.h */,
				9676CF6B13F5FD5D00A8AA52 /* ASIHTTPRequest.m */,
				9676CF6C13F5FD5D00A8AA52 /* ASIHTTPRequestConfig.h */,
				9676CF6D13F5FD5D00A8AA52 /* ASIHTTPRequestDelegate.h */,
				9676CF6E13F5FD5D00A8AA52 /* ASIInputStream.h */,
				9676CF6F13F5FD5D00A8AA52 /* ASIInputStream.m */,
				9676CF7013F5FD5D00A8AA52 /* ASINetworkQueue.h */,
				9676CF7113F5FD5D00A8AA52 /* ASINetworkQueue.m */,
				9676CF7213F5FD5D00A8AA52 /* ASIProgressDelegate.h */,
				9676CF7313F5FD5D00A8AA52 /* CloudFiles */,
				9676CF8213F5FD5D00A8AA52 /* S3 */,
				9676CF9013F5FD5D00A8AA52 /* Tests */,
			);
			path = ASI;
			sourceTree = "<group>";
		};
		9676CF7313F5FD5D00A8AA52 /* CloudFiles */ = {
			isa = PBXGroup;
			children = (
				9676CF7413F5FD5D00A8AA52 /* ASICloudFilesCDNRequest.h */,
				9676CF7513F5FD5D00A8AA52 /* ASICloudFilesCDNRequest.m */,
				9676CF7613F5FD5D00A8AA52 /* ASICloudFilesContainer.h */,
				9676CF7713F5FD5D00A8AA52 /* ASICloudFilesContainer.m */,
				9676CF7813F5FD5D00A8AA52 /* ASICloudFilesContainerRequest.h */,
				9676CF7913F5FD5D00A8AA52 /* ASICloudFilesContainerRequest.m */,
				9676CF7A13F5FD5D00A8AA52 /* ASICloudFilesContainerXMLParserDelegate.h */,
				9676CF7B13F5FD5D00A8AA52 /* ASICloudFilesContainerXMLParserDelegate.m */,
				9676CF7C13F5FD5D00A8AA52 /* ASICloudFilesObject.h */,
				9676CF7D13F5FD5D00A8AA52 /* ASICloudFilesObject.m */,
				9676CF7E13F5FD5D00A8AA52 /* ASICloudFilesObjectRequest.h */,
				9676CF7F13F5FD5D00A8AA52 /* ASICloudFilesObjectRequest.m */,
				9676CF8013F5FD5D00A8AA52 /* ASICloudFilesRequest.h */,
				9676CF8113F5FD5D00A8AA52 /* ASICloudFilesRequest.m */,
			);
			path = CloudFiles;
			sourceTree = "<group>";
		};
		9676CF8213F5FD5D00A8AA52 /* S3 */ = {
			isa = PBXGroup;
			children = (
				9676CF8313F5FD5D00A8AA52 /* ASINSXMLParserCompat.h */,
				9676CF8413F5FD5D00A8AA52 /* ASIS3Bucket.h */,
				9676CF8513F5FD5D00A8AA52 /* ASIS3Bucket.m */,
				9676CF8613F5FD5D00A8AA52 /* ASIS3BucketObject.h */,
				9676CF8713F5FD5D00A8AA52 /* ASIS3BucketObject.m */,
				9676CF8813F5FD5D00A8AA52 /* ASIS3BucketRequest.h */,
				9676CF8913F5FD5D00A8AA52 /* ASIS3BucketRequest.m */,
				9676CF8A13F5FD5D00A8AA52 /* ASIS3ObjectRequest.h */,
				9676CF8B13F5FD5D00A8AA52 /* ASIS3ObjectRequest.m */,
				9676CF8C13F5FD5D00A8AA52 /* ASIS3Request.h */,
				9676CF8D13F5FD5D00A8AA52 /* ASIS3Request.m */,
				9676CF8E13F5FD5D00A8AA52 /* ASIS3ServiceRequest.h */,
				9676CF8F13F5FD5D00A8AA52 /* ASIS3ServiceRequest.m */,
			);
			path = S3;
			sourceTree = "<group>";
		};
		9676CF9013F5FD5D00A8AA52 /* Tests */ = {
			isa = PBXGroup;
			children = (
			);
			path = Tests;
			sourceTree = "<group>";
		};
		9676CF9413F5FD5D00A8AA52 /* Crypto */ = {
			isa = PBXGroup;
			children = (
			);
			path = Crypto;
			sourceTree = "<group>";
		};
		9676CF9913F5FD5D00A8AA52 /* oauthconsumer */ = {
			isa = PBXGroup;
			children = (
				9676CF9A13F5FD5D00A8AA52 /* Categories */,
				9676CFA313F5FD5D00A8AA52 /* Crytpo */,
				9676CFAA13F5FD5D00A8AA52 /* OACall.h */,
				9676CFAB13F5FD5D00A8AA52 /* OACall.m */,
				9676CFAC13F5FD5D00A8AA52 /* OAConsumer.h */,
				9676CFAD13F5FD5D00A8AA52 /* OAConsumer.m */,
				9676CFAE13F5FD5D00A8AA52 /* OADataFetcher.h */,
				9676CFAF13F5FD5D00A8AA52 /* OADataFetcher.m */,
				9676CFB013F5FD5D00A8AA52 /* OAHMAC_SHA1SignatureProvider.h */,
				9676CFB113F5FD5D00A8AA52 /* OAHMAC_SHA1SignatureProvider.m */,
				9676CFB213F5FD5D00A8AA52 /* OAMutableURLRequest.h */,
				9676CFB313F5FD5D00A8AA52 /* OAMutableURLRequest.m */,
				9676CFB413F5FD5D00A8AA52 /* OAPlaintextSignatureProvider.h */,
				9676CFB513F5FD5D00A8AA52 /* OAPlaintextSignatureProvider.m */,
				9676CFB613F5FD5D00A8AA52 /* OAProblem.h */,
				9676CFB713F5FD5D00A8AA52 /* OAProblem.m */,
				9676CFB813F5FD5D00A8AA52 /* OARequestParameter.h */,
				9676CFB913F5FD5D00A8AA52 /* OARequestParameter.m */,
				9676CFBA13F5FD5D00A8AA52 /* OAServiceTicket.h */,
				9676CFBB13F5FD5D00A8AA52 /* OAServiceTicket.m */,
				9676CFBC13F5FD5D00A8AA52 /* OASignatureProviding.h */,
				9676CFBD13F5FD5D00A8AA52 /* OATestServer.rb */,
				9676CFBE13F5FD5D00A8AA52 /* OAToken.h */,
				9676CFBF13F5FD5D00A8AA52 /* OAToken.m */,
				9676CFC013F5FD5D00A8AA52 /* OATokenManager.h */,
				9676CFC113F5FD5D00A8AA52 /* OATokenManager.m */,
				9676CFC213F5FD5D00A8AA52 /* OAuthConsumer.h */,
				9676CFC313F5FD5D00A8AA52 /* README */,
			);
			path = oauthconsumer;
			sourceTree = "<group>";
		};
		9676CF9A13F5FD5D00A8AA52 /* Categories */ = {
			isa = PBXGroup;
			children = (
				9676CF9B13F5FD5D00A8AA52 /* ASIHTTPRequest+Parameters.h */,
				9676CF9C13F5FD5D00A8AA52 /* ASIHTTPRequest+Parameters.m */,
				9676CF9D13F5FD5D00A8AA52 /* NSMutableURLRequest+Parameters.h */,
				9676CF9E13F5FD5D00A8AA52 /* NSMutableURLRequest+Parameters.m */,
				9676CF9F13F5FD5D00A8AA52 /* NSString+URLEncoding.h */,
				9676CFA013F5FD5D00A8AA52 /* NSString+URLEncoding.m */,
				9676CFA113F5FD5D00A8AA52 /* NSURL+Base.h */,
				9676CFA213F5FD5D00A8AA52 /* NSURL+Base.m */,
			);
			path = Categories;
			sourceTree = "<group>";
		};
		9676CFA313F5FD5D00A8AA52 /* Crytpo */ = {
			isa = PBXGroup;
			children = (
				9676CFA413F5FD5D00A8AA52 /* Base64Transcoder.c */,
				9676CFA513F5FD5D00A8AA52 /* Base64Transcoder.h */,
				9676CFA613F5FD5D00A8AA52 /* hmac.c */,
				9676CFA713F5FD5D00A8AA52 /* hmac.h */,
				9676CFA813F5FD5D00A8AA52 /* sha1.c */,
				9676CFA913F5FD5D00A8AA52 /* sha1.h */,
			);
			path = Crytpo;
			sourceTree = "<group>";
		};
		9676CFC613F5FD5D00A8AA52 /* Reachability */ = {
			isa = PBXGroup;
			children = (
				9676CFC713F5FD5D00A8AA52 /* Reachability.h */,
				9676CFC813F5FD5D00A8AA52 /* Reachability.m */,
			);
			path = Reachability;
			sourceTree = "<group>";
		};
/* End PBXGroup section */

/* Begin PBXNativeTarget section */
		86C39F0C126A1FA100A9DCD1 /* ntpA */ = {
			isa = PBXNativeTarget;
			buildConfigurationList = 86C39F2B126A1FA100A9DCD1 /* Build configuration list for PBXNativeTarget "ntpA" */;
			buildPhases = (
				86C39F09126A1FA100A9DCD1 /* Sources */,
				86C39F0A126A1FA100A9DCD1 /* Frameworks */,
				86C39F0B126A1FA100A9DCD1 /* Resources */,
			);
			buildRules = (
			);
			dependencies = (
			);
			name = ntpA;
			productName = ntpA;
			productReference = 86C39F0D126A1FA100A9DCD1 /* ntpA.app */;
			productType = "com.apple.product-type.application";
		};
/* End PBXNativeTarget section */

/* Begin PBXProject section */
		86C39F00126A1FA000A9DCD1 /* Project object */ = {
			isa = PBXProject;
			attributes = {
				ORGANIZATIONNAME = "Ramsay Consulting";
			};
			buildConfigurationList = 86C39F03126A1FA000A9DCD1 /* Build configuration list for PBXProject "ntpA" */;
			compatibilityVersion = "Xcode 3.2";
			developmentRegion = English;
			hasScannedForEncodings = 0;
			knownRegions = (
				en,
			);
			mainGroup = 86C39EFE126A1FA000A9DCD1;
			productRefGroup = 86C39F0E126A1FA100A9DCD1 /* Products */;
			projectDirPath = "";
			projectRoot = "";
			targets = (
				86C39F0C126A1FA100A9DCD1 /* ntpA */,
			);
		};
/* End PBXProject section */

/* Begin PBXResourcesBuildPhase section */
		86C39F0B126A1FA100A9DCD1 /* Resources */ = {
			isa = PBXResourcesBuildPhase;
			buildActionMask = 2147483647;
			files = (
				86C39F1A126A1FA100A9DCD1 /* InfoPlist.strings in Resources */,
				86C39F22126A1FA100A9DCD1 /* MainWindow.xib in Resources */,
				86619013126C07300046A2B8 /* ntp.hosts in Resources */,
				8605D9BA1290E9600036287D /* ntpAViewController.xib in Resources */,
				9676CFF313F5FD5E00A8AA52 /* OATestServer.rb in Resources */,
				9676CFF613F5FD5E00A8AA52 /* README in Resources */,
				961F97FD13F6AF96003B3C71 /* test_photo.JPG in Resources */,
			);
			runOnlyForDeploymentPostprocessing = 0;
		};
/* End PBXResourcesBuildPhase section */

/* Begin PBXSourcesBuildPhase section */
		86C39F09126A1FA100A9DCD1 /* Sources */ = {
			isa = PBXSourcesBuildPhase;
			buildActionMask = 2147483647;
			files = (
				86C39F1C126A1FA100A9DCD1 /* main.m in Sources */,
				86C39F1F126A1FA100A9DCD1 /* ntpAAppDelegate.m in Sources */,
				86618F2A126BB6430046A2B8 /* NetworkClock.m in Sources */,
				86E4C97B128242B800841647 /* NetAssociation.m in Sources */,
				8605D9A31290E9110036287D /* ntpAViewController.m in Sources */,
				96D0150013F5C66F00BFF857 /* AsyncUdpSocket.m in Sources */,
				740635BB13F5DF76009A1B9C /* CameraCapturer.m in Sources */,
				740636BD13F5F39E009A1B9C /* ImageUtils.m in Sources */,
				740636C213F5F3AF009A1B9C /* LLOrientationVector.m in Sources */,
				740636C313F5F3AF009A1B9C /* LLOrientationDetector.m in Sources */,
				9676CFCD13F5FD5D00A8AA52 /* ASIAuthenticationDialog.m in Sources */,
				9676CFCE13F5FD5D00A8AA52 /* ASIDownloadCache.m in Sources */,
				9676CFCF13F5FD5D00A8AA52 /* ASIFormDataRequest.m in Sources */,
				9676CFD013F5FD5D00A8AA52 /* ASIHTTPRequest.m in Sources */,
				9676CFD113F5FD5D00A8AA52 /* ASIInputStream.m in Sources */,
				9676CFD213F5FD5D00A8AA52 /* ASINetworkQueue.m in Sources */,
				9676CFD313F5FD5E00A8AA52 /* ASICloudFilesCDNRequest.m in Sources */,
				9676CFD413F5FD5E00A8AA52 /* ASICloudFilesContainer.m in Sources */,
				9676CFD513F5FD5E00A8AA52 /* ASICloudFilesContainerRequest.m in Sources */,
				9676CFD613F5FD5E00A8AA52 /* ASICloudFilesContainerXMLParserDelegate.m in Sources */,
				9676CFD713F5FD5E00A8AA52 /* ASICloudFilesObject.m in Sources */,
				9676CFD813F5FD5E00A8AA52 /* ASICloudFilesObjectRequest.m in Sources */,
				9676CFD913F5FD5E00A8AA52 /* ASICloudFilesRequest.m in Sources */,
				9676CFDA13F5FD5E00A8AA52 /* ASIS3Bucket.m in Sources */,
				9676CFDB13F5FD5E00A8AA52 /* ASIS3BucketObject.m in Sources */,
				9676CFDC13F5FD5E00A8AA52 /* ASIS3BucketRequest.m in Sources */,
				9676CFDD13F5FD5E00A8AA52 /* ASIS3ObjectRequest.m in Sources */,
				9676CFDE13F5FD5E00A8AA52 /* ASIS3Request.m in Sources */,
				9676CFDF13F5FD5E00A8AA52 /* ASIS3ServiceRequest.m in Sources */,
				9676CFE013F5FD5E00A8AA52 /* ASIOAuthHeaderProvider.m in Sources */,
				9676CFE113F5FD5E00A8AA52 /* NSDataAdditions.m in Sources */,
				9676CFE213F5FD5E00A8AA52 /* NSStringAdditions.m in Sources */,
				9676CFE313F5FD5E00A8AA52 /* ASIHTTPRequest+Parameters.m in Sources */,
				9676CFE413F5FD5E00A8AA52 /* NSMutableURLRequest+Parameters.m in Sources */,
				9676CFE513F5FD5E00A8AA52 /* NSString+URLEncoding.m in Sources */,
				9676CFE613F5FD5E00A8AA52 /* NSURL+Base.m in Sources */,
				9676CFE713F5FD5E00A8AA52 /* Base64Transcoder.c in Sources */,
				9676CFE813F5FD5E00A8AA52 /* hmac.c in Sources */,
				9676CFE913F5FD5E00A8AA52 /* sha1.c in Sources */,
				9676CFEA13F5FD5E00A8AA52 /* OACall.m in Sources */,
				9676CFEB13F5FD5E00A8AA52 /* OAConsumer.m in Sources */,
				9676CFEC13F5FD5E00A8AA52 /* OADataFetcher.m in Sources */,
				9676CFED13F5FD5E00A8AA52 /* OAHMAC_SHA1SignatureProvider.m in Sources */,
				9676CFEE13F5FD5E00A8AA52 /* OAMutableURLRequest.m in Sources */,
				9676CFEF13F5FD5E00A8AA52 /* OAPlaintextSignatureProvider.m in Sources */,
				9676CFF013F5FD5E00A8AA52 /* OAProblem.m in Sources */,
				9676CFF113F5FD5E00A8AA52 /* OARequestParameter.m in Sources */,
				9676CFF213F5FD5E00A8AA52 /* OAServiceTicket.m in Sources */,
				9676CFF413F5FD5E00A8AA52 /* OAToken.m in Sources */,
				9676CFF513F5FD5E00A8AA52 /* OATokenManager.m in Sources */,
				9676CFF713F5FD5E00A8AA52 /* PictureTimeServer.m in Sources */,
				9676CFF813F5FD5E00A8AA52 /* Reachability.m in Sources */,
				9676CFF913F5FD5E00A8AA52 /* RequestObject.m in Sources */,
				9676CFFA13F5FD5E00A8AA52 /* UploadTumblr.m in Sources */,
				7406372213F60111009A1B9C /* AudioOutputUnit.mm in Sources */,
				7406376513F601B3009A1B9C /* AudioManager.mm in Sources */,
				740638AE13F6EB95009A1B9C /* pkmFFT.mm in Sources */,
				740639BF13F7274F009A1B9C /* AudioOscillator.m in Sources */,
			);
			runOnlyForDeploymentPostprocessing = 0;
		};
/* End PBXSourcesBuildPhase section */

/* Begin PBXVariantGroup section */
		8605D9B81290E9600036287D /* ntpAViewController.xib */ = {
			isa = PBXVariantGroup;
			children = (
				8605D9B91290E9600036287D /* en */,
			);
			name = ntpAViewController.xib;
			sourceTree = "<group>";
		};
		86C39F18126A1FA100A9DCD1 /* InfoPlist.strings */ = {
			isa = PBXVariantGroup;
			children = (
				86C39F19126A1FA100A9DCD1 /* en */,
			);
			name = InfoPlist.strings;
			sourceTree = "<group>";
		};
		86C39F20126A1FA100A9DCD1 /* MainWindow.xib */ = {
			isa = PBXVariantGroup;
			children = (
				86C39F21126A1FA100A9DCD1 /* en */,
			);
			name = MainWindow.xib;
			sourceTree = "<group>";
		};
/* End PBXVariantGroup section */

/* Begin XCBuildConfiguration section */
		86C39F29126A1FA100A9DCD1 /* Debug */ = {
			isa = XCBuildConfiguration;
			buildSettings = {
				ARCHS = "$(ARCHS_STANDARD_32_BIT)";
				"CODE_SIGN_IDENTITY[sdk=iphoneos*]" = "iPhone Developer";
				GCC_C_LANGUAGE_STANDARD = gnu99;
				GCC_OPTIMIZATION_LEVEL = 0;
				GCC_PREPROCESSOR_DEFINITIONS = IOS_NTP_LOGGING;
				GCC_VERSION = com.apple.compilers.llvm.clang.1_0;
				GCC_WARN_ABOUT_RETURN_TYPE = YES;
				GCC_WARN_UNUSED_VARIABLE = YES;
				IPHONEOS_DEPLOYMENT_TARGET = 3.1;
				PREBINDING = NO;
				SDKROOT = iphoneos;
			};
			name = Debug;
		};
		86C39F2A126A1FA100A9DCD1 /* Release */ = {
			isa = XCBuildConfiguration;
			buildSettings = {
				ARCHS = "$(ARCHS_STANDARD_32_BIT)";
				"CODE_SIGN_IDENTITY[sdk=iphoneos*]" = "iPhone Developer";
				GCC_C_LANGUAGE_STANDARD = gnu99;
				GCC_VERSION = "";
				GCC_WARN_ABOUT_RETURN_TYPE = YES;
				GCC_WARN_UNUSED_VARIABLE = YES;
				IPHONEOS_DEPLOYMENT_TARGET = 3.1;
				OTHER_CFLAGS = "-DNS_BLOCK_ASSERTIONS=1";
				PREBINDING = NO;
				SDKROOT = iphoneos;
			};
			name = Release;
		};
		86C39F2C126A1FA100A9DCD1 /* Debug */ = {
			isa = XCBuildConfiguration;
			buildSettings = {
				ALWAYS_SEARCH_USER_PATHS = NO;
				COPY_PHASE_STRIP = NO;
				GCC_DYNAMIC_NO_PIC = NO;
				GCC_OPTIMIZATION_LEVEL = 3;
				GCC_PRECOMPILE_PREFIX_HEADER = YES;
				GCC_PREFIX_HEADER = ntpA_Prefix.pch;
				GCC_PREPROCESSOR_DEFINITIONS = IOS_NTP_LOGGING;
				GCC_VERSION = 4.2;
				INFOPLIST_FILE = "ntpA-Info.plist";
				IPHONEOS_DEPLOYMENT_TARGET = 3.1;
				PRODUCT_NAME = "$(TARGET_NAME)";
				TARGETED_DEVICE_FAMILY = 1;
				WRAPPER_EXTENSION = app;
			};
			name = Debug;
		};
		86C39F2D126A1FA100A9DCD1 /* Release */ = {
			isa = XCBuildConfiguration;
			buildSettings = {
				ALWAYS_SEARCH_USER_PATHS = NO;
				COPY_PHASE_STRIP = YES;
				GCC_OPTIMIZATION_LEVEL = 3;
				GCC_PRECOMPILE_PREFIX_HEADER = YES;
				GCC_PREFIX_HEADER = ntpA_Prefix.pch;
				GCC_VERSION = 4.2;
				INFOPLIST_FILE = "ntpA-Info.plist";
				IPHONEOS_DEPLOYMENT_TARGET = 3.1;
				PRODUCT_NAME = "$(TARGET_NAME)";
				TARGETED_DEVICE_FAMILY = 1;
				VALIDATE_PRODUCT = YES;
				WRAPPER_EXTENSION = app;
			};
			name = Release;
		};
/* End XCBuildConfiguration section */

/* Begin XCConfigurationList section */
		86C39F03126A1FA000A9DCD1 /* Build configuration list for PBXProject "ntpA" */ = {
			isa = XCConfigurationList;
			buildConfigurations = (
				86C39F29126A1FA100A9DCD1 /* Debug */,
				86C39F2A126A1FA100A9DCD1 /* Release */,
			);
			defaultConfigurationIsVisible = 0;
			defaultConfigurationName = Release;
		};
		86C39F2B126A1FA100A9DCD1 /* Build configuration list for PBXNativeTarget "ntpA" */ = {
			isa = XCConfigurationList;
			buildConfigurations = (
				86C39F2C126A1FA100A9DCD1 /* Debug */,
				86C39F2D126A1FA100A9DCD1 /* Release */,
			);
			defaultConfigurationIsVisible = 0;
			defaultConfigurationName = Release;
		};
/* End XCConfigurationList section */
	};
	rootObject = 86C39F00126A1FA000A9DCD1 /* Project object */;
}
